# This file was autogenerated by Stack.
# You should not edit this file by hand.
# For more information, please see the documentation at:
#   https://docs.haskellstack.org/en/stable/lock_files

packages:
- completed:
    size: 397398
    subdir: servant
    url: https://github.com/haskell-servant/servant/archive/a04f98e3a1dbe532713e69cbd4624f9fdd4e9dd5.tar.gz
    name: servant
    version: 0.18.3
    sha256: 91236ad19be1d10325dc4a0c01035cfd63301ec79a08da1e2d281d18723f6505
    pantry-tree:
      size: 2949
      sha256: 2203bc381f2848f4899975d91798104b7d33384cec3f70847fe3f2a29d8c99de
  original:
    subdir: servant
    url: https://github.com/haskell-servant/servant/archive/a04f98e3a1dbe532713e69cbd4624f9fdd4e9dd5.tar.gz
- completed:
    size: 397398
    subdir: servant-server
    url: https://github.com/haskell-servant/servant/archive/a04f98e3a1dbe532713e69cbd4624f9fdd4e9dd5.tar.gz
    name: servant-server
    version: 0.18.3
    sha256: 91236ad19be1d10325dc4a0c01035cfd63301ec79a08da1e2d281d18723f6505
    pantry-tree:
      size: 2727
      sha256: 28429dd9c0cbcec909476d34e8a36017358aba12aa1bbbd7e5d072316e1486b9
  original:
    subdir: servant-server
    url: https://github.com/haskell-servant/servant/archive/a04f98e3a1dbe532713e69cbd4624f9fdd4e9dd5.tar.gz
- completed:
    hackage: servant-websockets-2.0.0@sha256:6e9e3600bced90fd52ed3d1bf632205cb21479075b20d6637153cc4567000234,2253
    pantry-tree:
      size: 523
      sha256: 085c6620bff7671bef1d969652a349271c3703fbf10dd753cb63ee1cd700bca5
  original:
    hackage: servant-websockets-2.0.0@sha256:6e9e3600bced90fd52ed3d1bf632205cb21479075b20d6637153cc4567000234,2253
- completed:
    hackage: wai-websockets-3.0.1.2@sha256:0e713ddb8c28d47be76cefeab3a73b6876477d648ddcd873ba6b15d08691aa7f,1905
    pantry-tree:
      size: 558
      sha256: 81b4067c7fefad29f632f3e3b97096f1b16753afb3f6052beb5350dd4943e67f
  original:
    hackage: wai-websockets-3.0.1.2@sha256:0e713ddb8c28d47be76cefeab3a73b6876477d648ddcd873ba6b15d08691aa7f,1905
- completed:
    hackage: warp-3.3.18@sha256:e583b66084c7ecfd3f59349aeae72523b90e7887d3523868c6f22fe719172054,10910
    pantry-tree:
      size: 3973
      sha256: 8e1f2465cb47cbc526e790e04160130339c4334e7817a4380806377fe7a41a9f
  original:
    hackage: warp-3.3.18@sha256:e583b66084c7ecfd3f59349aeae72523b90e7887d3523868c6f22fe719172054,10910
- completed:
    hackage: websockets-0.12.7.3@sha256:c4133af18fb420527b30507a69ff20d6819b79f02643051f1ed97aba0468846c,7976
    pantry-tree:
      size: 2592
      sha256: 4b0379ec8848891bdeda5b9ccd8dced224ad9bdc63c33257ecb66508741b2601
  original:
    hackage: websockets-0.12.7.3@sha256:c4133af18fb420527b30507a69ff20d6819b79f02643051f1ed97aba0468846c,7976
- completed:
    hackage: SHA-1.6.4.4@sha256:3b7523df3e2186ae8c5ac78c745efb586814afe9c775b886a747556d9f4d429c,4920
    pantry-tree:
      size: 326
      sha256: c03bb11d42a31b3d371761f0b48adc4ca8ed43393c37130a2de788db02d090ae
  original:
    hackage: SHA-1.6.4.4@sha256:3b7523df3e2186ae8c5ac78c745efb586814afe9c775b886a747556d9f4d429c,4920
- completed:
    hackage: async-2.2.4@sha256:b83dec34a53520de84c6dd3dc7aae45d22409b46eb471c478b98108215a370f0,3095
    pantry-tree:
      size: 501
      sha256: 08b8a9f8d2e27d51b04fb9c14f65e1209c7f24160d2a4557963900edb2c0f07d
  original:
    hackage: async-2.2.4@sha256:b83dec34a53520de84c6dd3dc7aae45d22409b46eb471c478b98108215a370f0,3095
- completed:
    hackage: attoparsec-0.14.4@sha256:c3b8c36ad81228d4ab35aa127fc2d98fde1a8bcef51fa483946ba4c3ec612041,5598
    pantry-tree:
      size: 5039
      sha256: 99525d76479dabeaf153f694d993dd4da66d70d7c20c9701f4390f2519e1fe93
  original:
    hackage: attoparsec-0.14.4@sha256:c3b8c36ad81228d4ab35aa127fc2d98fde1a8bcef51fa483946ba4c3ec612041,5598
- completed:
    hackage: base64-bytestring-1.2.1.0@sha256:50ec0e229255d4c45cbdd568da011311b8887f304b931564886016f4984334d8,2396
    pantry-tree:
      size: 850
      sha256: 1154783dd163be45502456716ca44c4244d0aa6e7cf1aa4e7763efb3485a509c
  original:
    hackage: base64-bytestring-1.2.1.0@sha256:50ec0e229255d4c45cbdd568da011311b8887f304b931564886016f4984334d8,2396
- completed:
    hackage: bytestring-builder-0.10.8.2.0@sha256:6b2b812cdac53f5a2c82376a416dde04adbb5ca3e1604c0d075368a0498f762b,3781
    pantry-tree:
      size: 1393
      sha256: cbfed55bf3b55fa213e9635423b69db89ff797e68b29bd8f9e62eef843c3524b
  original:
    hackage: bytestring-builder-0.10.8.2.0@sha256:6b2b812cdac53f5a2c82376a416dde04adbb5ca3e1604c0d075368a0498f762b,3781
- completed:
    hackage: case-insensitive-1.2.1.0@sha256:9dfd3171fc7698cf8d931727d3af3a7b389135b583e46b5adac1f9d2026fff61,2244
    pantry-tree:
      size: 688
      sha256: d6f175b17eacce002fc5336c17e119d989bd97f8ad9702446163c9e27c7c79b7
  original:
    hackage: case-insensitive-1.2.1.0@sha256:9dfd3171fc7698cf8d931727d3af3a7b389135b583e46b5adac1f9d2026fff61,2244
- completed:
    hackage: clock-0.8.2@sha256:473ffd59765cc67634bdc55b63c699a85addf3a024089073ec2a862881e83e2a,4313
    pantry-tree:
      size: 383
      sha256: 8c259cbab153b142020fcb1bd4ca787e0205b5faef6fa2457d83c5d726147a93
  original:
    hackage: clock-0.8.2@sha256:473ffd59765cc67634bdc55b63c699a85addf3a024089073ec2a862881e83e2a,4313
- completed:
    hackage: entropy-0.4.1.7@sha256:56ebebf726696e204e5126d748defdfc8453ff9d0a817b21a704d92e7bad5f18,3008
    pantry-tree:
      size: 743
      sha256: 64d5d16b4326740f711805606fa30c27fbe4705ef7a3e5069c49750b4cf91981
  original:
    hackage: entropy-0.4.1.7@sha256:56ebebf726696e204e5126d748defdfc8453ff9d0a817b21a704d92e7bad5f18,3008
- completed:
    hackage: file-embed-0.0.15.0@sha256:18beed8999dff37bcffd0d1d8a59dcd406be8e517c10213afefc941091985c06,1426
    pantry-tree:
      size: 478
      sha256: 19e38c295f02ea4cf3891ccb8048ed10d426b937bb14215f64aadc0cd62bda72
  original:
    hackage: file-embed-0.0.15.0@sha256:18beed8999dff37bcffd0d1d8a59dcd406be8e517c10213afefc941091985c06,1426
- completed:
    hackage: http-types-0.12.3@sha256:f35229edb1bc7b3ae27f961b2407dadb5bfa69d43a8f5337ab46cdc79ca4afe9,2035
    pantry-tree:
      size: 833
      sha256: c9b77e1ba204fffbe4e1be80412bc48e47440a07e4b7db4cdc77d573a3e21b9a
  original:
    hackage: http-types-0.12.3@sha256:f35229edb1bc7b3ae27f961b2407dadb5bfa69d43a8f5337ab46cdc79ca4afe9,2035
- completed:
    hackage: network-3.1.2.5@sha256:433a5e076aaa8eb3e4158abae78fb409c6bd754e9af99bc2e87583d2bcd8404a,4888
    pantry-tree:
      size: 3971
      sha256: 957e4dbb988f47164c821807297a6020c1108cd3265582ac2aa9292708cb62c9
  original:
    hackage: network-3.1.2.5@sha256:433a5e076aaa8eb3e4158abae78fb409c6bd754e9af99bc2e87583d2bcd8404a,4888
- completed:
    hackage: random-1.2.1@sha256:8bee24dc0c985a90ee78d94c61f8aed21c49633686f0f1c14c5078d818ee43a2,6598
    pantry-tree:
      size: 1528
      sha256: 8bdc994ce41f43624ab42302a881fe5a0f81d965f5d238841e24943664681a06
  original:
    hackage: random-1.2.1@sha256:8bee24dc0c985a90ee78d94c61f8aed21c49633686f0f1c14c5078d818ee43a2,6598
- completed:
    hackage: streaming-commons-0.2.2.3@sha256:e4540748a6ab78a9e486a2b22d3d0d47097bf4b7ce9ba9a0b23b8c7e479bd077,4751
    pantry-tree:
      size: 2947
      sha256: 62079e66eac2652f342337896384ed16773e93196b05fa330a645ff0e159c323
  original:
    hackage: streaming-commons-0.2.2.3@sha256:e4540748a6ab78a9e486a2b22d3d0d47097bf4b7ce9ba9a0b23b8c7e479bd077,4751
- completed:
    hackage: wai-3.2.3@sha256:c7518618bdb842116dbc1a4e4553223799eef43add19278c2bbffb4536595fe0,1776
    pantry-tree:
      size: 485
      sha256: 24294d24aa28d9eba747b796e49d32afcecda70ba0d446e4073d9b2581a90a6e
  original:
    hackage: wai-3.2.3@sha256:c7518618bdb842116dbc1a4e4553223799eef43add19278c2bbffb4536595fe0,1776
- completed:
    hackage: wai-app-static-3.1.7.2@sha256:ad6b8b07777e6d63f5bf84da2522ac469ff66219a59cdb72baeb69af95e4ffe0,4170
    pantry-tree:
      size: 1343
      sha256: 37282cfefdbe501c3e6da9a17a8874614c7c8c8be22db9cdfd19103595969379
  original:
    hackage: wai-app-static-3.1.7.2@sha256:ad6b8b07777e6d63f5bf84da2522ac469ff66219a59cdb72baeb69af95e4ffe0,4170
- completed:
    hackage: conduit-1.3.4.2@sha256:92165c9fc22f4e8c75b936b8ed4739360e8318bec2a05cd2c8c5b293d126b477,5129
    pantry-tree:
      size: 1957
      sha256: 8f5f18d84acb44440b7de5df4a02c2954a5c25c38b86268cdccb055ed4ee5e8b
  original:
    hackage: conduit-1.3.4.2@sha256:92165c9fc22f4e8c75b936b8ed4739360e8318bec2a05cd2c8c5b293d126b477,5129
- completed:
    hackage: constraints-0.13.2@sha256:8ff7b39b8495fb43a2b11164c20d362dc4600feaa9658a5f942232b2a66686c0,2504
    pantry-tree:
      size: 867
      sha256: 42069feb5ca331d79376e7a52269c0f749c9399b4840ebb6bc5fd7bd7f433e7c
  original:
    hackage: constraints-0.13.2@sha256:8ff7b39b8495fb43a2b11164c20d362dc4600feaa9658a5f942232b2a66686c0,2504
- completed:
    hackage: http-api-data-0.4.3@sha256:f4134a06d6544193a4d088df362e132a6cb71a0538f5636bf860971cd0879960,3845
    pantry-tree:
      size: 887
      sha256: 05c7bfafbf73d7d8eff5915b580e5ef6bf85232764fad871476a6952f746d9f9
  original:
    hackage: http-api-data-0.4.3@sha256:f4134a06d6544193a4d088df362e132a6cb71a0538f5636bf860971cd0879960,3845
- completed:
    hackage: http-media-0.8.0.0@sha256:3b3f61fe0a4b0d49a2a3cb4fd4ce4a6febb9f7095134ced3f65e2aae06522623,4244
    pantry-tree:
      size: 2127
      sha256: 5a2a24cd9d1fbb5c53f58f04dd5b86d27661f03e98b0c409ad3e4c4505160817
  original:
    hackage: http-media-0.8.0.0@sha256:3b3f61fe0a4b0d49a2a3cb4fd4ce4a6febb9f7095134ced3f65e2aae06522623,4244
- completed:
    hackage: mmorph-1.1.5@sha256:9487ce601cbc3403c844c23a6fddb48f6b69a0097b77493670a45fc7a442fb20,1036
    pantry-tree:
      size: 346
      sha256: cf07fbaa1f5eb5d60c4c6b581f9ee911dfc9b23d737f2730430f2925fdaae376
  original:
    hackage: mmorph-1.1.5@sha256:9487ce601cbc3403c844c23a6fddb48f6b69a0097b77493670a45fc7a442fb20,1036
- completed:
    hackage: monad-control-1.0.3.1@sha256:2d657279839e1a760c86a69f00f0c36473ef6972d413ec0f83a40249c70e098e,2365
    pantry-tree:
      size: 292
      sha256: f6b2e10b7ad03cbc2bd1df28543c9d514d54bd39833e318b48e5f0998d876df5
  original:
    hackage: monad-control-1.0.3.1@sha256:2d657279839e1a760c86a69f00f0c36473ef6972d413ec0f83a40249c70e098e,2365
- completed:
    hackage: network-uri-2.6.4.1@sha256:a4765164ed0a2d1668446eb2e03460ce98645fbf083598c690846af79b7de10d,2936
    pantry-tree:
      size: 551
      sha256: 68ccb16e252378b2ee6da3e076f6eb55dd7928f0d4dd8beb1969433e9bf6f549
  original:
    hackage: network-uri-2.6.4.1@sha256:a4765164ed0a2d1668446eb2e03460ce98645fbf083598c690846af79b7de10d,2936
- completed:
    hackage: singleton-bool-0.1.6@sha256:1d469f5d5dd9b9308ead832c092bbf7450151884afcaf2bbdab71feb8496e071,1226
    pantry-tree:
      size: 278
      sha256: 0f54aea1f30638c96ccd4752764ef2024e4ee7e110fdb5e364517b892c505797
  original:
    hackage: singleton-bool-0.1.6@sha256:1d469f5d5dd9b9308ead832c092bbf7450151884afcaf2bbdab71feb8496e071,1226
- completed:
    hackage: sop-core-0.5.0.2@sha256:c3162ffb3c6a61ad57d7baa3812d14c02c29eeee795aaa3f8c0719a64d943580,2910
    pantry-tree:
      size: 709
      sha256: 4c21f1f8d1adf106001e5f53b9c2ac3535c7d8fa993234923852703e50d7caf6
  original:
    hackage: sop-core-0.5.0.2@sha256:c3162ffb3c6a61ad57d7baa3812d14c02c29eeee795aaa3f8c0719a64d943580,2910
- completed:
    hackage: string-conversions-0.4.0.1@sha256:9c4075e54aa6cabfe244e07e2a1de720f3e98a0a6980fc671ab9c0da30f0f259,1617
    pantry-tree:
      size: 442
      sha256: eb5629dce6a5f06b6a80b63b8465023a5d5431c795588039e13f5f324af24e0a
  original:
    hackage: string-conversions-0.4.0.1@sha256:9c4075e54aa6cabfe244e07e2a1de720f3e98a0a6980fc671ab9c0da30f0f259,1617
- completed:
    hackage: transformers-base-0.4.6@sha256:6f18f320e371c8954c4b6b211e2fdd5d15a6d6310bd605b9d640f47ede408961,1643
    pantry-tree:
      size: 275
      sha256: 6c2d24a9678865e2a5f4b6286cb17228673a6987fb546bf07b89ffbd19716ad2
  original:
    hackage: transformers-base-0.4.6@sha256:6f18f320e371c8954c4b6b211e2fdd5d15a6d6310bd605b9d640f47ede408961,1643
- completed:
    hackage: mono-traversable-1.0.15.3@sha256:059bf3c05cdbef2d06b765333fe41c2168ced2503a23de674e2a59ceb2548c48,2060
    pantry-tree:
      size: 710
      sha256: 20193844369b5e6e0ed2c0df9946db5bd65a6206e3cc9f7cf059523e27a818b8
  original:
    hackage: mono-traversable-1.0.15.3@sha256:059bf3c05cdbef2d06b765333fe41c2168ced2503a23de674e2a59ceb2548c48,2060
- completed:
    hackage: auto-update-0.1.6@sha256:10adca282e131a2fa01fb7a411b02811685c1cea02e9813df2d7fb468b5ef638,1373
    pantry-tree:
      size: 828
      sha256: 5e27352ca8e89e569204445b3f7be4951afbcd10cbac701ece75d2070cbed130
  original:
    hackage: auto-update-0.1.6@sha256:10adca282e131a2fa01fb7a411b02811685c1cea02e9813df2d7fb468b5ef638,1373
- completed:
    hackage: blaze-html-0.9.1.2@sha256:49db3eb70fa93fb572f3a9233b542b59e7f766a2b95c92d01d95a596c7727473,3048
    pantry-tree:
      size: 2227
      sha256: 4d0e70035c65483defaf3ee2a3ac0312675dedd396cfd45b25c6b2acce0aca82
  original:
    hackage: blaze-html-0.9.1.2@sha256:49db3eb70fa93fb572f3a9233b542b59e7f766a2b95c92d01d95a596c7727473,3048
- completed:
    hackage: blaze-markup-0.8.2.8@sha256:d9d57379f5d8cdb5f6cdfba8f373cd9e5a5245a7cf9cf06496f8171a0c7ff8ab,2413
    pantry-tree:
      size: 818
      sha256: 6ae9088ea9d5e562b016dbb1c44a9358d29add5bd4874cb1d5ea83e979c4a1f6
  original:
    hackage: blaze-markup-0.8.2.8@sha256:d9d57379f5d8cdb5f6cdfba8f373cd9e5a5245a7cf9cf06496f8171a0c7ff8ab,2413
- completed:
    hackage: bsb-http-chunked-0.0.0.4@sha256:add530e695ea3058bf4f7156a1ca85653ff3635b87ec6d1be8c4891645190f96,2678
    pantry-tree:
      size: 460
      sha256: dfdd4147ba63807dc8b393e99061c5680822abd935bc60844fc9e1b23121ffa3
  original:
    hackage: bsb-http-chunked-0.0.0.4@sha256:add530e695ea3058bf4f7156a1ca85653ff3635b87ec6d1be8c4891645190f96,2678
- completed:
    size: 638902
    url: https://github.com/haskell-crypto/cryptonite/archive/3b081e3ad027b0550fc87f171dffecbb20dedafe.tar.gz
    name: cryptonite
    version: '0.29'
    sha256: 9ac43c0194562b624475cb99f3568779baadcf6ae652a03c815a838a5d31b0eb
    pantry-tree:
      size: 24851
      sha256: 139a1368d5e64f673ce60e5ae008e61fd9fed7f1d3acc9cd9e0bc6cca8278cff
  original:
    url: https://github.com/haskell-crypto/cryptonite/archive/3b081e3ad027b0550fc87f171dffecbb20dedafe.tar.gz
- completed:
    hackage: hashable-1.4.0.2@sha256:0cddd0229d1aac305ea0404409c0bbfab81f075817bd74b8b2929eff58333e55,5005
    pantry-tree:
      size: 1248
      sha256: 51dda0aa70849588d074125f324beba1c8736cfa486e7f4a90a798b1d0e6019d
  original:
    hackage: hashable-1.4.0.2@sha256:0cddd0229d1aac305ea0404409c0bbfab81f075817bd74b8b2929eff58333e55,5005
- completed:
    hackage: http-date-0.0.11@sha256:b278b07f880705e3b0b073206ad26954548b666d616733c9a6b5d50993f547d4,1758
    pantry-tree:
      size: 706
      sha256: 8b850ea9f5bdbe3430c305181f44dd02f96613a325f0d2cd1b68a2f024c4bda1
  original:
    hackage: http-date-0.0.11@sha256:b278b07f880705e3b0b073206ad26954548b666d616733c9a6b5d50993f547d4,1758
- completed:
    hackage: http2-3.0.2@sha256:7ef3389c98243da89960dc5b874d20d56c335f4319ee040cda7eea2d4ded308f,15814
    pantry-tree:
      size: 46005
      sha256: 3f10717aea3c86a91d3eda6f9ca0cd2fd5f5f058da804c2d46e71948fbe782d2
  original:
    hackage: http2-3.0.2@sha256:7ef3389c98243da89960dc5b874d20d56c335f4319ee040cda7eea2d4ded308f,15814
- completed:
    hackage: iproute-1.7.12@sha256:85d181599fab8ceebf4c849110ad571bea2834d6c8c95ae7da33856c42453f40,2999
    pantry-tree:
      size: 962
      sha256: 0f4179868c6f644d7ba8d4d6ccaefd13ae17ff1cd188c924ef4c2db40d1c4f02
  original:
    hackage: iproute-1.7.12@sha256:85d181599fab8ceebf4c849110ad571bea2834d6c8c95ae7da33856c42453f40,2999
- completed:
    size: 44894
    url: https://github.com/vincenthz/hs-memory/archive/3cf661a8a9a8ac028df77daa88e8d65c55a3347a.tar.gz
    name: memory
    version: 0.16.0
    sha256: dbfa72fc4aef871725254e0365cdd6589277440bc1f2c20df08d3ea24600dc13
    pantry-tree:
      size: 2819
      sha256: 0edf661bab420ffb43689afbb649cb69d49fc817c0f20007767da9b60cb6657e
  original:
    url: https://github.com/vincenthz/hs-memory/archive/3cf661a8a9a8ac028df77daa88e8d65c55a3347a.tar.gz
- completed:
    hackage: mime-types-0.1.0.9@sha256:d631fe56daed713ec7798933aaa1429dc9912d85375619aa6e25a0fefe8e95e7,826
    pantry-tree:
      size: 311
      sha256: 5cf87fbc920b9d268dde4964e91baac137708fdbdcf80e2bd6f23812a09d97f0
  original:
    hackage: mime-types-0.1.0.9@sha256:d631fe56daed713ec7798933aaa1429dc9912d85375619aa6e25a0fefe8e95e7,826
- completed:
    hackage: old-locale-1.0.0.7@sha256:fa998be2c7e00cd26a6e9075bea790caaf3932caa3e9497ad69bc20380dd6911,1071
    pantry-tree:
      size: 263
      sha256: 462ef15cb35164d585aa3860f717c9685fbf05578330490860abd544381d2e24
  original:
    hackage: old-locale-1.0.0.7@sha256:fa998be2c7e00cd26a6e9075bea790caaf3932caa3e9497ad69bc20380dd6911,1071
- completed:
    hackage: optparse-applicative-0.16.1.0@sha256:418c22ed6a19124d457d96bc66bd22c93ac22fad0c7100fe4972bbb4ac989731,4982
    pantry-tree:
      size: 2979
      sha256: dd092d843091c08691485d68a1908517079b1bc6f3d73928f37635a19dc27fc1
  original:
    hackage: optparse-applicative-0.16.1.0@sha256:418c22ed6a19124d457d96bc66bd22c93ac22fad0c7100fe4972bbb4ac989731,4982
- completed:
    hackage: scientific-0.3.7.0@sha256:76465a82beb2af6ea83ebd00684acc0ffe659e7da7066329931dc8f02fc97507,4826
    pantry-tree:
      size: 657
      sha256: 2e5436cd8a2d2fa045aadc7619aa06cf18f4f77d01b70d8c517213b718b69a2b
  original:
    hackage: scientific-0.3.7.0@sha256:76465a82beb2af6ea83ebd00684acc0ffe659e7da7066329931dc8f02fc97507,4826
- completed:
    hackage: simple-sendfile-0.2.30@sha256:c6893e159dc20eea6d0b805bfd8d9b73e6a6ba3fe72cc396acdc24fdcd33cc38,2676
    pantry-tree:
      size: 787
      sha256: be6c94ef2a9901e3c642f23a36f2cef8053e3d05779d12c8e625954448d73c55
  original:
    hackage: simple-sendfile-0.2.30@sha256:c6893e159dc20eea6d0b805bfd8d9b73e6a6ba3fe72cc396acdc24fdcd33cc38,2676
- completed:
    hackage: splitmix-0.1.0.4@sha256:714a55fd28d3e2533bd5b49e74f604ef8e5d7b06f249c8816f6c54aed431dcf1,6483
    pantry-tree:
      size: 1519
      sha256: 79f4645c11b7a3861db0b596297f72804f509444d639a8fd7c0162b1ed80c578
  original:
    hackage: splitmix-0.1.0.4@sha256:714a55fd28d3e2533bd5b49e74f604ef8e5d7b06f249c8816f6c54aed431dcf1,6483
- completed:
    hackage: time-manager-0.0.0@sha256:d258b1d08f9b926823f5380e9201303b0ebeefe4f9e0047c0cbd7b6728135ee1,657
    pantry-tree:
      size: 217
      sha256: 8f5ff87a3d7eb8c01e1f309b580dafe1dc77d3334b0a161994c5fd3a6ed51385
  original:
    hackage: time-manager-0.0.0@sha256:d258b1d08f9b926823f5380e9201303b0ebeefe4f9e0047c0cbd7b6728135ee1,657
- completed:
    hackage: unix-compat-0.5.4@sha256:51125a20ae3e521932315f2ebe3b7621258b16af622c305dfc3a0355e99df5d8,1987
    pantry-tree:
      size: 1044
      sha256: 7ec9396abc19f19514132e250eaeda541c5c9ffb5b7cd111d9a60592213b78be
  original:
    hackage: unix-compat-0.5.4@sha256:51125a20ae3e521932315f2ebe3b7621258b16af622c305dfc3a0355e99df5d8,1987
- completed:
    hackage: unliftio-0.2.20@sha256:93cebd01b5fe2c2c028e0785b1fe8ec42b3d30d869e7848034bb4b7b5894dc24,3318
    pantry-tree:
      size: 2423
      sha256: d2effa7737d7ce2918815158ce00c6562f7ce3f55b69d35d507da285b5ad8543
  original:
    hackage: unliftio-0.2.20@sha256:93cebd01b5fe2c2c028e0785b1fe8ec42b3d30d869e7848034bb4b7b5894dc24,3318
- completed:
    hackage: unordered-containers-0.2.16.0@sha256:859ec9a017e51194755cb8a445b767afc5ce0ac991cd50b0f96abd31b3687aab,5217
    pantry-tree:
      size: 1316
      sha256: e8d877c3c7545bc3d0e5b990466572a39b19f440bbf7a0e1bdde7521176cd12a
  original:
    hackage: unordered-containers-0.2.16.0@sha256:859ec9a017e51194755cb8a445b767afc5ce0ac991cd50b0f96abd31b3687aab,5217
- completed:
    hackage: vault-0.3.1.5@sha256:d1647db5a222db5e8abf5d9252a2912a34b70fc5160762dcc2213a209b54641d,2366
    pantry-tree:
      size: 771
      sha256: dcfef7442499db8bd17b15cf9ab9753a23b3d6e564f08f08ce4daf059c42ff63
  original:
    hackage: vault-0.3.1.5@sha256:d1647db5a222db5e8abf5d9252a2912a34b70fc5160762dcc2213a209b54641d,2366
- completed:
    hackage: wai-extra-3.1.8@sha256:bf3dbe8f4c707b502b2a88262ed71c807220651597b76b56983f864af6197890,7280
    pantry-tree:
      size: 4053
      sha256: a544ea95288d188e893322a8e6d68f2b1f844f772dbea1f26e5c0c1a74694f56
  original:
    hackage: wai-extra-3.1.8@sha256:bf3dbe8f4c707b502b2a88262ed71c807220651597b76b56983f864af6197890,7280
- completed:
    hackage: word8-0.1.3@sha256:e5464d0600821a116467d4b12fef12b15ff040c3599500e5f0274225e78c6faf,1397
    pantry-tree:
      size: 478
      sha256: f90debca29fa7b54bb82f1bc6843c827fcea96b5149af4dd0ed69dad73856f0e
  original:
    hackage: word8-0.1.3@sha256:e5464d0600821a116467d4b12fef12b15ff040c3599500e5f0274225e78c6faf,1397
- completed:
    hackage: x509-1.7.5@sha256:01185a9a17bee4e89287d9e32bfaa673133cf2b09a39759627bed1f72ea528fd,2305
    pantry-tree:
      size: 1072
      sha256: 42cc162fbe2221555fb4d91e3de6699bc7731887c2c0e01ad79c8bf6ade988d9
  original:
    hackage: x509-1.7.5@sha256:01185a9a17bee4e89287d9e32bfaa673133cf2b09a39759627bed1f72ea528fd,2305
- completed:
    hackage: zlib-0.6.2.3@sha256:262a93dbf370be59f4ee57f3b1a51b338bc2c309797daa37c14f2262ae61dae4,5329
    pantry-tree:
      size: 2619
      sha256: 49c4f27077e950e7023ea18c8f5dfd1ca924a680402f8072acf73b8b524cae4f
  original:
    hackage: zlib-0.6.2.3@sha256:262a93dbf370be59f4ee57f3b1a51b338bc2c309797daa37c14f2262ae61dae4,5329
- completed:
    hackage: split-0.2.3.4@sha256:a6df9c3e806ee7cb50bc980a183fc1156f35022a39430dabac0bf9456fe18a4b,2647
    pantry-tree:
      size: 439
      sha256: 4e7559f1be32a70cdbdb96d14db768561dd36b8fdff36b3ffac94751f5b5ae6d
  original:
    hackage: split-0.2.3.4@sha256:a6df9c3e806ee7cb50bc980a183fc1156f35022a39430dabac0bf9456fe18a4b,2647
- completed:
    hackage: vector-algorithms-0.8.0.4@sha256:bf4760b23a0fee09abb8c9e3c952c870f5dc9780876e9d7e38ab2bdd98c8f283,3752
    pantry-tree:
      size: 1439
      sha256: 850a7481c87750751d87369690e3bacbdf986716b338ecadb3eeb1af5b192049
  original:
    hackage: vector-algorithms-0.8.0.4@sha256:bf4760b23a0fee09abb8c9e3c952c870f5dc9780876e9d7e38ab2bdd98c8f283,3752
- completed:
    hackage: attoparsec-iso8601-1.0.2.1@sha256:e9599340c5c3cd0812bb7d42c2e7652715365730c1e786bc5ab2bc3d30bf7368,1652
    pantry-tree:
      size: 309
      sha256: 15ff28e86f5e0efae84f461a0d885ae0c5313a3545df1684bcbe89e65cdbaab3
  original:
    hackage: attoparsec-iso8601-1.0.2.1@sha256:e9599340c5c3cd0812bb7d42c2e7652715365730c1e786bc5ab2bc3d30bf7368,1652
- completed:
    hackage: boring-0.2@sha256:4076be544642d1e674314f285854fe7534de9d52ddc7c0d227cbdc5bca5dda84,2079
    pantry-tree:
      size: 216
      sha256: fa1a025be3e5cc15ba3dd76a19da0f2bd4ba62a6bb79f8164449ee31b181d664
  original:
    hackage: boring-0.2@sha256:4076be544642d1e674314f285854fe7534de9d52ddc7c0d227cbdc5bca5dda84,2079
- completed:
    hackage: dec-0.0.4@sha256:0367be8f7c5865c9a4d9fa6205f98b804ef59eee1207833dc14a4864f5b1b107,1401
    pantry-tree:
      size: 213
      sha256: f0de4a89f39e4a954cdc46c0bf2cb670dae067e1c8ada15394dd688f909f78d9
  original:
    hackage: dec-0.0.4@sha256:0367be8f7c5865c9a4d9fa6205f98b804ef59eee1207833dc14a4864f5b1b107,1401
- completed:
    hackage: some-1.0.3@sha256:938cec5fc0d3a08dde34cfc0acd5a0aa2e9fd489c9dbb64417f16588dfb47af0,2399
    pantry-tree:
      size: 709
      sha256: b88dddc6b991cd570c6750f8d309a9feb76938b29a690abdabc4ababb8c7b2f8
  original:
    hackage: some-1.0.3@sha256:938cec5fc0d3a08dde34cfc0acd5a0aa2e9fd489c9dbb64417f16588dfb47af0,2399
- completed:
    hackage: th-compat-0.1.3@sha256:a16dd922947a6877defe52c4c38d1ab48ed3f85a826930f5d1a568741d619993,2888
    pantry-tree:
      size: 530
      sha256: 5e622d5a4b2a759ab91b6c5fa18418e470c361f34bbab2628e44104829e2ad1c
  original:
    hackage: th-compat-0.1.3@sha256:a16dd922947a6877defe52c4c38d1ab48ed3f85a826930f5d1a568741d619993,2888
- completed:
    hackage: transformers-compat-0.6.6@sha256:510709db2b12d1510d70de824ee544ca0a9e6f27aa7e299218cbacc0750b4a5e,5560
    pantry-tree:
      size: 1777
      sha256: e53f7b8deb576db7baa6e4c13a7c9904cd247f6e4807bd12a058d1527197064e
  original:
    hackage: transformers-compat-0.6.6@sha256:510709db2b12d1510d70de824ee544ca0a9e6f27aa7e299218cbacc0750b4a5e,5560
- completed:
    hackage: type-equality-1@sha256:bb3a34a93ad02866763b325e889ea9f5aa31f7428e32dcaa1cf14015bd21b9cb,1597
    pantry-tree:
      size: 313
      sha256: ea121a8b58ce43a4f1f7556cc73e8c2b8b71950d9ccf35252fd3e9c3514c8798
  original:
    hackage: type-equality-1@sha256:bb3a34a93ad02866763b325e889ea9f5aa31f7428e32dcaa1cf14015bd21b9cb,1597
- completed:
    hackage: utf8-string-1.0.2@sha256:79416292186feeaf1f60e49ac5a1ffae9bf1b120e040a74bf0e81ca7f1d31d3f,1538
    pantry-tree:
      size: 601
      sha256: 0863c3c9b6ee24dd38873c62e38ac46dd50aff2ea6b362beadf7f9b4a273c75f
  original:
    hackage: utf8-string-1.0.2@sha256:79416292186feeaf1f60e49ac5a1ffae9bf1b120e040a74bf0e81ca7f1d31d3f,1538
- completed:
    hackage: HUnit-1.6.2.0@sha256:1a79174e8af616117ad39464cac9de205ca923da6582825e97c10786fda933a4,1588
    pantry-tree:
      size: 878
      sha256: 4f20a5a33866171260d0ee1e256c27f53cc84d37a68d498c3e12347f4e3d05b4
  original:
    hackage: HUnit-1.6.2.0@sha256:1a79174e8af616117ad39464cac9de205ca923da6582825e97c10786fda933a4,1588
- completed:
    hackage: aeson-2.0.3.0@sha256:130bda8e10dc6dd159b79b306abb10025d7f8b5d9cbc2f7d6d7e6768a0272058,5845
    pantry-tree:
      size: 38191
      sha256: bccfc5a7259a27aad7e4193f367c3d7d67799f42632fdcb90241c1e9fbb0cf40
  original:
    hackage: aeson-2.0.3.0@sha256:130bda8e10dc6dd159b79b306abb10025d7f8b5d9cbc2f7d6d7e6768a0272058,5845
- completed:
    hackage: ansi-terminal-0.11.1@sha256:e8428fcd5fe9d4e8a796a0c8107b7288a0a93ffaa8d761cf51f803384284bd77,3321
    pantry-tree:
      size: 1461
      sha256: 766e3636d5d638f5c451b7384ca08907622ac7ecae643df75497b53f09c97ac2
  original:
    hackage: ansi-terminal-0.11.1@sha256:e8428fcd5fe9d4e8a796a0c8107b7288a0a93ffaa8d761cf51f803384284bd77,3321
- completed:
    hackage: ansi-wl-pprint-0.6.9@sha256:212144ea0623b1170807a4162db05d87f26cf10b334aeadd0edb377aba06a1ce,2425
    pantry-tree:
      size: 472
      sha256: 0a2390ba39c3b84f68e382cb25b58cea66d61a89dab818bb5e2a6c12642e2e21
  original:
    hackage: ansi-wl-pprint-0.6.9@sha256:212144ea0623b1170807a4162db05d87f26cf10b334aeadd0edb377aba06a1ce,2425
- completed:
    hackage: appar-0.1.8@sha256:a5d529bacbb74d566e4c5f9479af0637eac5957705f6db4d2670517489795de8,1070
    pantry-tree:
      size: 506
      sha256: c8bae7bc8c04b6c3593b48f19f1d626face90832f268f6857aba934bccd4272d
  original:
    hackage: appar-0.1.8@sha256:a5d529bacbb74d566e4c5f9479af0637eac5957705f6db4d2670517489795de8,1070
- completed:
    hackage: asn1-encoding-0.9.6@sha256:27ed8f6043aed79630313bb931f7c8e2b510f0b4586cd55c16ae040c7d1ea098,2060
    pantry-tree:
      size: 981
      sha256: 09963511234ed8fdd0682b10e8366de5105cc513d4daa014d7990496b788b122
  original:
    hackage: asn1-encoding-0.9.6@sha256:27ed8f6043aed79630313bb931f7c8e2b510f0b4586cd55c16ae040c7d1ea098,2060
- completed:
    hackage: asn1-parse-0.9.5@sha256:77c0126d63070df2d82cb4cfa4febb26c4e280f6d854bc778c2fa4d80ce692b8,976
    pantry-tree:
      size: 212
      sha256: 2a6766aa05af5b045ff2d097b5f99621f983d471e254079ef4e56acff26b2248
  original:
    hackage: asn1-parse-0.9.5@sha256:77c0126d63070df2d82cb4cfa4febb26c4e280f6d854bc778c2fa4d80ce692b8,976
- completed:
    hackage: asn1-types-0.3.4@sha256:8e879b3a5bbdd0031232eb84d904b5a3a2c20a18847692b996d774f4ff811355,1025
    pantry-tree:
      size: 525
      sha256: 254adba538008f12853e83b8909ba11ef11e9b8bcb1edc3a97dc6fdb29dad45a
  original:
    hackage: asn1-types-0.3.4@sha256:8e879b3a5bbdd0031232eb84d904b5a3a2c20a18847692b996d774f4ff811355,1025
- completed:
    size: 306459
    subdir: basement
    url: https://github.com/haskell-foundation/foundation/archive/0bb195e1fea06d144dafc5af9a0ff79af0a5f4a0.tar.gz
    name: basement
    version: 0.0.12
    sha256: 8dc96f5dc1b42c907e5fedf5b78c2f7c0b0ea1edb40e506bfc99cbfdda0d3539
    pantry-tree:
      size: 5928
      sha256: 5f1af5468f8271a286b006226858c0ab76bb2447e9cbe7e7cbadffeab4a59fd4
  original:
    subdir: basement
    url: https://github.com/haskell-foundation/foundation/archive/0bb195e1fea06d144dafc5af9a0ff79af0a5f4a0.tar.gz
- completed:
    hackage: blaze-builder-0.4.2.2@sha256:f0017df374c330de0ebe0eb15eae8c48427bddefa1d81a3cb31c0a4812ecdb08,3685
    pantry-tree:
      size: 3102
      sha256: 5b6b4f7b1c9ca98bd7cb979849fc9e018b48ef49089c98b2766179b5087695ea
  original:
    hackage: blaze-builder-0.4.2.2@sha256:f0017df374c330de0ebe0eb15eae8c48427bddefa1d81a3cb31c0a4812ecdb08,3685
- completed:
    hackage: byteorder-1.0.4@sha256:a952817dcbe20af0346fb55a28c13e95e2ddbf3e99f9b4fffdc063f150f13b20,636
    pantry-tree:
      size: 212
      sha256: 1544dc41983f7fe963740d9a8ce2aec1daef17bcb0916fda253dbfa73a14c77a
  original:
    hackage: byteorder-1.0.4@sha256:a952817dcbe20af0346fb55a28c13e95e2ddbf3e99f9b4fffdc063f150f13b20,636
- completed:
    hackage: call-stack-0.4.0@sha256:ac44d2c00931dc20b01750da8c92ec443eb63a7231e8550188cb2ac2385f7feb,1200
    pantry-tree:
      size: 501
      sha256: 04134fa69cdd824b4e4bb7f77e7173e0705f27deabdbbf99549c549400191e1e
  original:
    hackage: call-stack-0.4.0@sha256:ac44d2c00931dc20b01750da8c92ec443eb63a7231e8550188cb2ac2385f7feb,1200
- completed:
    hackage: cookie-0.4.5@sha256:22bbe2bea34cfc546eaca2468386035fec521b8dbae52f5aa2f994ed68b35e0e,1448
    pantry-tree:
      size: 360
      sha256: 60ea383838fb35f55265cbf84905a8f17434bb498f90d691621cbd2156da43e4
  original:
    hackage: cookie-0.4.5@sha256:22bbe2bea34cfc546eaca2468386035fec521b8dbae52f5aa2f994ed68b35e0e,1448
- completed:
    hackage: data-default-class-0.1.2.0@sha256:63e62120b7efd733a5a17cf59ceb43268e9a929c748127172d7d42f4a336e327,542
    pantry-tree:
      size: 224
      sha256: 5017630b11698aefa65fc61cab84a257ce97833c968d425e1b2d53d6c3b5c096
  original:
    hackage: data-default-class-0.1.2.0@sha256:63e62120b7efd733a5a17cf59ceb43268e9a929c748127172d7d42f4a336e327,542
- completed:
    hackage: fast-logger-3.1.0@sha256:8bdaa5714c5e02bc1b5680a331cee1c22d605b692dfaf60569119b9baf975471,2398
    pantry-tree:
      size: 1148
      sha256: 83b41998f167d59757bfef9b5e04ebe6d7a5a9e7748791aa9cd9ff272ac515e6
  original:
    hackage: fast-logger-3.1.0@sha256:8bdaa5714c5e02bc1b5680a331cee1c22d605b692dfaf60569119b9baf975471,2398
- completed:
    hackage: hourglass-0.2.12@sha256:e083f5e030dfebe432e30a9c0fa07a99a54eac992f622442646be561fd7a44e8,3085
    pantry-tree:
      size: 1605
      sha256: 2b452cfac948057203679468e3e856e7fdf884c3c051f42bc52ba6253ca896e0
  original:
    hackage: hourglass-0.2.12@sha256:e083f5e030dfebe432e30a9c0fa07a99a54eac992f622442646be561fd7a44e8,3085
- completed:
    hackage: integer-logarithms-1.0.3.1@sha256:b65e11ec6f4b29c5278716da0544b951a49ab5310608df0fc41eec29f15691d9,3229
    pantry-tree:
      size: 865
      sha256: 804c8c0d77470f84640ee70c66155f770798e295c0a0572e41d071f69e24ca4e
  original:
    hackage: integer-logarithms-1.0.3.1@sha256:b65e11ec6f4b29c5278716da0544b951a49ab5310608df0fc41eec29f15691d9,3229
- completed:
    hackage: network-byte-order-0.1.6@sha256:23d8b609ac43a69d04d5e8f411e5f86a0266c0e8b33b65f8c92ebda64273fe3a,1313
    pantry-tree:
      size: 280
      sha256: 9083de865faa459721e4e0dc5ebec891fa1a1796a1fcdd78588004a926d9f4cb
  original:
    hackage: network-byte-order-0.1.6@sha256:23d8b609ac43a69d04d5e8f411e5f86a0266c0e8b33b65f8c92ebda64273fe3a,1313
- completed:
    hackage: pem-0.2.4@sha256:cc8e62118b783e284dc0fa032f54fe386a3861a948ec88079370a433c103a705,1441
    pantry-tree:
      size: 425
      sha256: 2413dd2c97c72d6e00330057b158973faa6336de068a9be4d6fdcfd474485f77
  original:
    hackage: pem-0.2.4@sha256:cc8e62118b783e284dc0fa032f54fe386a3861a948ec88079370a433c103a705,1441
- completed:
    hackage: primitive-0.7.3.0@sha256:6b28a1c0572f5ca50597ba8388aeade21515842969ae192cdc6bfca81367bf56,2951
    pantry-tree:
      size: 1655
      sha256: 4dd118201091c04a138a25e262ab61e8e64e811832eadd8b6b39d56504dfe045
  original:
    hackage: primitive-0.7.3.0@sha256:6b28a1c0572f5ca50597ba8388aeade21515842969ae192cdc6bfca81367bf56,2951
- completed:
    hackage: psqueues-0.2.7.3@sha256:7213d78598d397255b1861df318d9b5058577f86a9b83a8b652540cbdbc83033,4834
    pantry-tree:
      size: 1696
      sha256: b4ccb2bc60af99ae76d6f978a533698bfb931730972d4b4be0e22fef9cf60c85
  original:
    hackage: psqueues-0.2.7.3@sha256:7213d78598d397255b1861df318d9b5058577f86a9b83a8b652540cbdbc83033,4834
- completed:
    hackage: resourcet-1.2.4.3@sha256:8d334105a5a9cd33759d2b1e949f616f8ba031d0374b4b07771a720ad14871e1,1730
    pantry-tree:
      size: 647
      sha256: 7a5c6f44ea9e422134b3b150378bc5bc48b4e11dfb5901f9282a939724f9b8bf
  original:
    hackage: resourcet-1.2.4.3@sha256:8d334105a5a9cd33759d2b1e949f616f8ba031d0374b4b07771a720ad14871e1,1730
- completed:
    hackage: unix-time-0.4.7@sha256:c0d971d04561875b908451c563df8728fe6d8639c90e070b244227f13f76ab8e,2570
    pantry-tree:
      size: 1073
      sha256: bc28cbe467d99caa6399e7cd85cf33548776bbd2c1e91369fe10268c9de546e6
  original:
    hackage: unix-time-0.4.7@sha256:c0d971d04561875b908451c563df8728fe6d8639c90e070b244227f13f76ab8e,2570
- completed:
    hackage: unliftio-core-0.2.0.1@sha256:f9abcdd3f3d28e4840563efb7b8760d2de9b5707bcd6f53a87f6a0d77bb5a9f7,1082
    pantry-tree:
      size: 328
      sha256: 9955bc1336dd07c94928892f1a97aed6e5fe63a4242f089a0efd2e95174490ea
  original:
    hackage: unliftio-core-0.2.0.1@sha256:f9abcdd3f3d28e4840563efb7b8760d2de9b5707bcd6f53a87f6a0d77bb5a9f7,1082
- completed:
    hackage: wai-logger-2.3.7@sha256:19a0dc5122e22d274776d80786fb9501956f5e75b8f82464bbdad5604d154d82,1671
    pantry-tree:
      size: 474
      sha256: 52b5abf5c4c09bcfbc06e01f761a75c32cbd3e6ba23c8843981933fcc31ed53c
  original:
    hackage: wai-logger-2.3.7@sha256:19a0dc5122e22d274776d80786fb9501956f5e75b8f82464bbdad5604d154d82,1671
- completed:
    hackage: OneTuple-0.3.1@sha256:a848c096c9d29e82ffdd30a9998aa2931cbccb3a1bc137539d80f6174d31603e,2262
    pantry-tree:
      size: 506
      sha256: a685b08622f1fe0641e4f228a290878a1db4f7ef3eb63d00b10e8632097d1e6f
  original:
    hackage: OneTuple-0.3.1@sha256:a848c096c9d29e82ffdd30a9998aa2931cbccb3a1bc137539d80f6174d31603e,2262
- completed:
    hackage: QuickCheck-2.14.2@sha256:4ce29211223d5e6620ebceba34a3ca9ccf1c10c0cf387d48aea45599222ee5aa,7736
    pantry-tree:
      size: 2315
      sha256: 2fe423d0ed7cd64f0f165d708779f48814e66c4f181c568468134af55d86a5f8
  original:
    hackage: QuickCheck-2.14.2@sha256:4ce29211223d5e6620ebceba34a3ca9ccf1c10c0cf387d48aea45599222ee5aa,7736
- completed:
    hackage: base-compat-batteries-0.12.1@sha256:ee819d7570b2fda1012d29db945a1778c388ef8c0c282e45c8fe4eae7616a25c,8891
    pantry-tree:
      size: 11169
      sha256: 64edb51a988b4a362f0ba4172ad4e3d140ee69129dd68a4d08004fe506cc09ae
  original:
    hackage: base-compat-batteries-0.12.1@sha256:ee819d7570b2fda1012d29db945a1778c388ef8c0c282e45c8fe4eae7616a25c,8891
- completed:
    hackage: cabal-doctest-1.0.9@sha256:b1fe3f3cc590c6d2c5ce8d5845e41a8a7d72621ed897b6c53312c1e772c2ab29,1467
    pantry-tree:
      size: 334
      sha256: eff354c6a823b23e0f0e96e605e44673065309e6bc512975893be67db30eab2a
  original:
    hackage: cabal-doctest-1.0.9@sha256:b1fe3f3cc590c6d2c5ce8d5845e41a8a7d72621ed897b6c53312c1e772c2ab29,1467
- completed:
    hackage: colour-2.3.6@sha256:ebdcbf15023958838a527e381ab3c3b1e99ed12d1b25efeb7feaa4ad8c37664a,2378
    pantry-tree:
      size: 1183
      sha256: 03f8e22f364deb86098dbfbe0bf83c896437b2355f139abdac0402658fb6ac7e
  original:
    hackage: colour-2.3.6@sha256:ebdcbf15023958838a527e381ab3c3b1e99ed12d1b25efeb7feaa4ad8c37664a,2378
- completed:
    hackage: data-fix-0.3.2@sha256:e909776381648a75e82438a40df33c05397b57119b80bb83e38189370319b67a,1692
    pantry-tree:
      size: 262
      sha256: 327440e3a8d6c69617f67d49e3904c8d4b69558ea9f92f7856658b930ee64717
  original:
    hackage: data-fix-0.3.2@sha256:e909776381648a75e82438a40df33c05397b57119b80bb83e38189370319b67a,1692
- completed:
    hackage: dlist-1.0@sha256:124cb3aa1decebd5171b46601b1f74cca6cfae12d266ace3799b86dd05ef7cb4,3560
    pantry-tree:
      size: 953
      sha256: 8467afe9c94b2756e5703fed0950b51418bd877acbdd72e9dc3488b8f28f4e82
  original:
    hackage: dlist-1.0@sha256:124cb3aa1decebd5171b46601b1f74cca6cfae12d266ace3799b86dd05ef7cb4,3560
- completed:
    hackage: easy-file-0.2.2@sha256:72303120495a9fed82276a7987434361edd6dfecafad241d7c6c03b68e4801e5,1048
    pantry-tree:
      size: 417
      sha256: 218acf3e0001825c43d70948e42a7b702de342fa34eab6fd41dd035a2f6ce8cf
  original:
    hackage: easy-file-0.2.2@sha256:72303120495a9fed82276a7987434361edd6dfecafad241d7c6c03b68e4801e5,1048
- completed:
    hackage: indexed-traversable-0.1.2@sha256:d66228887242f93ccb4fc7101a1e25a6560c8e4708f6e9ee1d3dd21901756c65,2519
    pantry-tree:
      size: 495
      sha256: 7edfd8672d45016089df7227d9f6452117632a7236d4e71b24a2a1041cab4701
  original:
    hackage: indexed-traversable-0.1.2@sha256:d66228887242f93ccb4fc7101a1e25a6560c8e4708f6e9ee1d3dd21901756c65,2519
- completed:
    hackage: old-time-1.1.0.3@sha256:c91fbb3ee73d20ccd015842b30f1f29a304893ebe0ae3128b7bbc13d5bb0d4c8,1328
    pantry-tree:
      size: 810
      sha256: 890bbbdf4175a409efd7c7c9fe153b71680e33bebeb74c9351d7d9d3a59d3d0e
  original:
    hackage: old-time-1.1.0.3@sha256:c91fbb3ee73d20ccd015842b30f1f29a304893ebe0ae3128b7bbc13d5bb0d4c8,1328
- completed:
    hackage: semialign-1.2.0.1@sha256:0e179b4d3a8eff79001d374d6c91917c6221696b9620f0a4d86852fc6a9b9501,2836
    pantry-tree:
      size: 537
      sha256: 635bbbb517f0c063a4bc2e9e6efdb0e598b9d9fd467f52df81ab3a4af1fd923b
  original:
    hackage: semialign-1.2.0.1@sha256:0e179b4d3a8eff79001d374d6c91917c6221696b9620f0a4d86852fc6a9b9501,2836
- completed:
    hackage: strict-0.4.0.1@sha256:d6205a748eb8db4cd17a7179be970c94598809709294ccfa43159c7f3cc4bf5d,4187
    pantry-tree:
      size: 654
      sha256: 2a8171b3ff2960552163a6e1dbb640b83e049f22a5b7764cc27c0941334496bd
  original:
    hackage: strict-0.4.0.1@sha256:d6205a748eb8db4cd17a7179be970c94598809709294ccfa43159c7f3cc4bf5d,4187
- completed:
    hackage: tagged-0.8.6.1@sha256:29c67d98a4404607f024750ab9c7210dadcbbef4e1944c48c52902f2071b2662,2874
    pantry-tree:
      size: 496
      sha256: 4548d4f2d43e25a182ac6f5da34364c4a41a1da88468c671445a0bf2a70c130c
  original:
    hackage: tagged-0.8.6.1@sha256:29c67d98a4404607f024750ab9c7210dadcbbef4e1944c48c52902f2071b2662,2874
- completed:
    hackage: text-short-0.1.5@sha256:962c6228555debdc46f758d0317dea16e5240d01419b42966674b08a5c3d8fa6,3498
    pantry-tree:
      size: 727
      sha256: 1fc6561c4acb94a41e58cd8f8c7cce161c18c5629dac63a54a9c62f9c778c52b
  original:
    hackage: text-short-0.1.5@sha256:962c6228555debdc46f758d0317dea16e5240d01419b42966674b08a5c3d8fa6,3498
- completed:
    hackage: th-abstraction-0.4.3.0@sha256:db4b3b69398acd8a7c5c8cc8a962da55d65d05d44d5039b51bd3cb5fb3d8400f,2148
    pantry-tree:
      size: 670
      sha256: cd2d3fd020b3c6b415e41c71b60999ca7dd14918b056e15e090f640cba1feed8
  original:
    hackage: th-abstraction-0.4.3.0@sha256:db4b3b69398acd8a7c5c8cc8a962da55d65d05d44d5039b51bd3cb5fb3d8400f,2148
- completed:
    hackage: these-1.1.1.1@sha256:f069e766b8fed73d457fca20cc197f5c539bcdd03d7636e478ddf14dbb67684a,2748
    pantry-tree:
      size: 351
      sha256: 09a71077d04df022d79d341f69eb5dad8e8e103839b51f21a28920bba1e1ad9f
  original:
    hackage: these-1.1.1.1@sha256:f069e766b8fed73d457fca20cc197f5c539bcdd03d7636e478ddf14dbb67684a,2748
- completed:
    hackage: time-compat-1.9.6.1@sha256:42d8f2e08e965e1718917d54ad69e1d06bd4b87d66c41dc7410f59313dba4ed1,5033
    pantry-tree:
      size: 4113
      sha256: b262c5ae8d72d2073d12e1de1863abd234fad8c138df28f32bb51bc232ced608
  original:
    hackage: time-compat-1.9.6.1@sha256:42d8f2e08e965e1718917d54ad69e1d06bd4b87d66c41dc7410f59313dba4ed1,5033
- completed:
    hackage: uuid-types-1.0.5@sha256:8447b8a08723877400da13b6329b3fb19ea9e4c20fabe62888841eb3708d7474,2608
    pantry-tree:
      size: 480
      sha256: 53d0b46a614d80bc1dfa5f51bffa7cab89a88dfe4f46d24b505cf696604f33b6
  original:
    hackage: uuid-types-1.0.5@sha256:8447b8a08723877400da13b6329b3fb19ea9e4c20fabe62888841eb3708d7474,2608
- completed:
    hackage: vector-0.12.3.1@sha256:040210919e5ce454dcee3320f77803da3dbda579c8428dc25ff0155732234808,7946
    pantry-tree:
      size: 3842
      sha256: 00cfcd768c02740343ecf67de4542f30a4ebbbd7200849a22271b35965837fef
  original:
    hackage: vector-0.12.3.1@sha256:040210919e5ce454dcee3320f77803da3dbda579c8428dc25ff0155732234808,7946
- completed:
    hackage: witherable-0.4.2@sha256:81fd3b1e56e6d8c5b1acdbed06d49c72186902f7400139152afd70e37ad956d2,2285
    pantry-tree:
      size: 384
      sha256: 9249e2860d2d03f1d4b2204ee996eeeed836cfcfc426512742cc0e07f96fd407
  original:
    hackage: witherable-0.4.2@sha256:81fd3b1e56e6d8c5b1acdbed06d49c72186902f7400139152afd70e37ad956d2,2285
- completed:
    hackage: assoc-1.0.2@sha256:e0d9d1febc172e2a1b22aacd25df7f90be557dcf12ff87359f43128f8c194d9e,1237
    pantry-tree:
      size: 290
      sha256: 760f0aa60d4beb6a893ae9f73f64f5e93dc4414487bc0c8dfa33dadffd338de9
  original:
    hackage: assoc-1.0.2@sha256:e0d9d1febc172e2a1b22aacd25df7f90be557dcf12ff87359f43128f8c194d9e,1237
- completed:
    hackage: base-compat-0.12.1@sha256:20e50848d9dfee1523fafe8950060b04fae43d402c15553da5c7cacd116f7846,6960
    pantry-tree:
      size: 9038
      sha256: 2f2c14615443954f117613d77835234b598718e611fb4cf4522e01980bf1bcbd
  original:
    hackage: base-compat-0.12.1@sha256:20e50848d9dfee1523fafe8950060b04fae43d402c15553da5c7cacd116f7846,6960
- completed:
    hackage: base-orphans-0.8.6@sha256:eb6758d0160d607e0c45dbd6b196f515b9a589fd4f6d2f926929dd5d56282d37,3175
    pantry-tree:
      size: 1272
      sha256: f889d6903383305688e6e703982bfdc985649b7d4538429e44f98f99d8f73c07
  original:
    hackage: base-orphans-0.8.6@sha256:eb6758d0160d607e0c45dbd6b196f515b9a589fd4f6d2f926929dd5d56282d37,3175
- completed:
    hackage: indexed-traversable-instances-0.1.1@sha256:69ce2476ac8376bc269ca05a7a5973f033d4a7736793dc22a3ec3032da70ceb7,3224
    pantry-tree:
      size: 480
      sha256: 707d8d3c66d153d4671a7c12cacf9928e3d2df93b9d411b6c7462c4073c3c619
  original:
    hackage: indexed-traversable-instances-0.1.1@sha256:69ce2476ac8376bc269ca05a7a5973f033d4a7736793dc22a3ec3032da70ceb7,3224
- completed:
    hackage: semigroupoids-5.3.7@sha256:fb1a86c250997c269106645724a67bc358235245cf385b589f855ac070d4ada0,7488
    pantry-tree:
      size: 2404
      sha256: 1ddbcc4c07bb3a195e718ecd432caa37f9b25c4d4b3fe270d16f480a3d925c4a
  original:
    hackage: semigroupoids-5.3.7@sha256:fb1a86c250997c269106645724a67bc358235245cf385b589f855ac070d4ada0,7488
- completed:
    hackage: bifunctors-5.5.11@sha256:cc425ee85aae56dba1123baf6fb3fa7abcd90782f26bb904eef14c7332ee85f6,3919
    pantry-tree:
      size: 1758
      sha256: d3f0fdcd108e771b5cb68ee068c9a8637494e0c513f0845124798cc9dcdd11f0
  original:
    hackage: bifunctors-5.5.11@sha256:cc425ee85aae56dba1123baf6fb3fa7abcd90782f26bb904eef14c7332ee85f6,3919
- completed:
    hackage: comonad-5.0.8@sha256:1f1aabd73ec7f80f20cf078a748a60cd48d8e57277802fdf6a9ab3601a9b8f7e,3631
    pantry-tree:
      size: 1618
      sha256: 394660fe7fa4127e5a181890bce28b9fcd6eb180ba25aa5566bc8b5bdd385517
  original:
    hackage: comonad-5.0.8@sha256:1f1aabd73ec7f80f20cf078a748a60cd48d8e57277802fdf6a9ab3601a9b8f7e,3631
- completed:
    hackage: contravariant-1.5.5@sha256:470ed0e040e879e2da4af1b2c8f94e199f6135852a8107858d5ae0a95365835f,3041
    pantry-tree:
      size: 652
      sha256: 9eb62fea28548dc8a0f60fd47c12843092b78b24ed771b8ad63a0bb34dba8bc4
  original:
    hackage: contravariant-1.5.5@sha256:470ed0e040e879e2da4af1b2c8f94e199f6135852a8107858d5ae0a95365835f,3041
- completed:
    hackage: distributive-0.6.2.1@sha256:0f99f5541cca04acf89b64432b03422b6408e830a8dff30e6c4334ef1a48680c,2996
    pantry-tree:
      size: 735
      sha256: a42bed5fe0ba295643538312dee6c9436314c05a6f7efdd32b4303979f8bd744
  original:
    hackage: distributive-0.6.2.1@sha256:0f99f5541cca04acf89b64432b03422b6408e830a8dff30e6c4334ef1a48680c,2996
- completed:
    hackage: StateVar-1.2.2@sha256:3c022c00485fe165e3080d5da6b3ca9c9b02f62c5deebc584d1b3d1309ce673e,1673
    pantry-tree:
      size: 314
      sha256: 204cac98219e99334f47b12c565945611748ea03a4d629273dd697d738bcfd7f
  original:
    hackage: StateVar-1.2.2@sha256:3c022c00485fe165e3080d5da6b3ca9c9b02f62c5deebc584d1b3d1309ce673e,1673
snapshots: []
